PODS:
  - FTFontLabelCategory (0.0.1)

DEPENDENCIES:
  - FTFontLabelCategory (from `../`)

EXTERNAL SOURCES:
  FTFontLabelCategory:
    :path: ../

SPEC CHECKSUMS:
  FTFontLabelCategory: 4c41d323e9cf99a6d2424a0475c2622d2375a0fb

PODFILE CHECKSUM: 2fec1e17fd5668a053fb2bb91f95e63df3610094

COCOAPODS: 1.3.1
